// !$*UTF8*$!
{
	archiveVersion = 1;
	classes = {
	};
	objectVersion = 46;
	objects = {

/* Begin PBXBuildFile section */
		09F5B7FA45DA893837923358 /* Pods_AzRex.framework in Frameworks */ = {isa = PBXBuildFile; fileRef = AC0A8DAA6FACE9BBD2286F5A /* Pods_AzRex.framework */; };
		C13CE1911CB28E070044A85E /* AppDelegate.swift in Sources */ = {isa = PBXBuildFile; fileRef = C13CE1901CB28E070044A85E /* AppDelegate.swift */; };
		C13CE1961CB28E070044A85E /* Main.storyboard in Resources */ = {isa = PBXBuildFile; fileRef = C13CE1941CB28E070044A85E /* Main.storyboard */; };
		C13CE1981CB28E070044A85E /* Assets.xcassets in Resources */ = {isa = PBXBuildFile; fileRef = C13CE1971CB28E070044A85E /* Assets.xcassets */; };
		C13CE19B1CB28E070044A85E /* LaunchScreen.storyboard in Resources */ = {isa = PBXBuildFile; fileRef = C13CE1991CB28E070044A85E /* LaunchScreen.storyboard */; };
		C13CE1A61CB28E070044A85E /* AzRexTests.swift in Sources */ = {isa = PBXBuildFile; fileRef = C13CE1A51CB28E070044A85E /* AzRexTests.swift */; };
		C13CE1B11CB28E070044A85E /* AzRexUITests.swift in Sources */ = {isa = PBXBuildFile; fileRef = C13CE1B01CB28E070044A85E /* AzRexUITests.swift */; };
		C14143A21CB523AE007D15FB /* ColorTools.swift in Sources */ = {isa = PBXBuildFile; fileRef = C14143A11CB523AE007D15FB /* ColorTools.swift */; };
		C14143A61CB52A8D007D15FB /* SAProjectCell.swift in Sources */ = {isa = PBXBuildFile; fileRef = C14143A51CB52A8D007D15FB /* SAProjectCell.swift */; };
		C14143AA1CB5389F007D15FB /* SADetailViewController.swift in Sources */ = {isa = PBXBuildFile; fileRef = C14143A91CB5389F007D15FB /* SADetailViewController.swift */; };
		C198C6AB1CB3703000A64EB0 /* AVFoundation.framework in Frameworks */ = {isa = PBXBuildFile; fileRef = C198C6AA1CB3703000A64EB0 /* AVFoundation.framework */; };
		C1FFA94D1CB4EFC3000D385B /* SDAVAssetExportSession.m in Sources */ = {isa = PBXBuildFile; fileRef = C1FFA94A1CB4EFC3000D385B /* SDAVAssetExportSession.m */; };
		C1FFA94E1CB4EFC3000D385B /* SAVideoCapture.swift in Sources */ = {isa = PBXBuildFile; fileRef = C1FFA94C1CB4EFC3000D385B /* SAVideoCapture.swift */; };
		C1FFA9511CB4EFC9000D385B /* SAHomeViewController.swift in Sources */ = {isa = PBXBuildFile; fileRef = C1FFA9501CB4EFC9000D385B /* SAHomeViewController.swift */; };
		C1FFA9571CB503AF000D385B /* SAAVProfile.swift in Sources */ = {isa = PBXBuildFile; fileRef = C1FFA9561CB503AF000D385B /* SAAVProfile.swift */; };
		C1FFA95F1CB50628000D385B /* UIViewController+Dialog.swift in Sources */ = {isa = PBXBuildFile; fileRef = C1FFA95E1CB50628000D385B /* UIViewController+Dialog.swift */; };
/* End PBXBuildFile section */

/* Begin PBXContainerItemProxy section */
		C13CE1A21CB28E070044A85E /* PBXContainerItemProxy */ = {
			isa = PBXContainerItemProxy;
			containerPortal = C13CE1851CB28E060044A85E /* Project object */;
			proxyType = 1;
			remoteGlobalIDString = C13CE18C1CB28E060044A85E;
			remoteInfo = AzRex;
		};
		C13CE1AD1CB28E070044A85E /* PBXContainerItemProxy */ = {
			isa = PBXContainerItemProxy;
			containerPortal = C13CE1851CB28E060044A85E /* Project object */;
			proxyType = 1;
			remoteGlobalIDString = C13CE18C1CB28E060044A85E;
			remoteInfo = AzRex;
		};
/* End PBXContainerItemProxy section */

/* Begin PBXFileReference section */
		1F5B3C7638159BBF7A905588 /* Pods-AzRex.release.xcconfig */ = {isa = PBXFileReference; includeInIndex = 1; lastKnownFileType = text.xcconfig; name = "Pods-AzRex.release.xcconfig"; path = "Pods/Target Support Files/Pods-AzRex/Pods-AzRex.release.xcconfig"; sourceTree = "<group>"; };
		3AF6A7AD9A9AAAFA43D0F2AC /* Pods-AzRex.debug.xcconfig */ = {isa = PBXFileReference; includeInIndex = 1; lastKnownFileType = text.xcconfig; name = "Pods-AzRex.debug.xcconfig"; path = "Pods/Target Support Files/Pods-AzRex/Pods-AzRex.debug.xcconfig"; sourceTree = "<group>"; };
		AC0A8DAA6FACE9BBD2286F5A /* Pods_AzRex.framework */ = {isa = PBXFileReference; explicitFileType = wrapper.framework; includeInIndex = 0; path = Pods_AzRex.framework; sourceTree = BUILT_PRODUCTS_DIR; };
		C13CE18D1CB28E060044A85E /* AzRex.app */ = {isa = PBXFileReference; explicitFileType = wrapper.application; includeInIndex = 0; path = AzRex.app; sourceTree = BUILT_PRODUCTS_DIR; };
		C13CE1901CB28E070044A85E /* AppDelegate.swift */ = {isa = PBXFileReference; lastKnownFileType = sourcecode.swift; path = AppDelegate.swift; sourceTree = "<group>"; };
		C13CE1951CB28E070044A85E /* Base */ = {isa = PBXFileReference; lastKnownFileType = file.storyboard; name = Base; path = Base.lproj/Main.storyboard; sourceTree = "<group>"; };
		C13CE1971CB28E070044A85E /* Assets.xcassets */ = {isa = PBXFileReference; lastKnownFileType = folder.assetcatalog; path = Assets.xcassets; sourceTree = "<group>"; };
		C13CE19A1CB28E070044A85E /* Base */ = {isa = PBXFileReference; lastKnownFileType = file.storyboard; name = Base; path = Base.lproj/LaunchScreen.storyboard; sourceTree = "<group>"; };
		C13CE19C1CB28E070044A85E /* Info.plist */ = {isa = PBXFileReference; lastKnownFileType = text.plist.xml; path = Info.plist; sourceTree = "<group>"; };
		C13CE1A11CB28E070044A85E /* AzRexTests.xctest */ = {isa = PBXFileReference; explicitFileType = wrapper.cfbundle; includeInIndex = 0; path = AzRexTests.xctest; sourceTree = BUILT_PRODUCTS_DIR; };
		C13CE1A51CB28E070044A85E /* AzRexTests.swift */ = {isa = PBXFileReference; lastKnownFileType = sourcecode.swift; path = AzRexTests.swift; sourceTree = "<group>"; };
		C13CE1A71CB28E070044A85E /* Info.plist */ = {isa = PBXFileReference; lastKnownFileType = text.plist.xml; path = Info.plist; sourceTree = "<group>"; };
		C13CE1AC1CB28E070044A85E /* AzRexUITests.xctest */ = {isa = PBXFileReference; explicitFileType = wrapper.cfbundle; includeInIndex = 0; path = AzRexUITests.xctest; sourceTree = BUILT_PRODUCTS_DIR; };
		C13CE1B01CB28E070044A85E /* AzRexUITests.swift */ = {isa = PBXFileReference; lastKnownFileType = sourcecode.swift; path = AzRexUITests.swift; sourceTree = "<group>"; };
		C13CE1B21CB28E070044A85E /* Info.plist */ = {isa = PBXFileReference; lastKnownFileType = text.plist.xml; path = Info.plist; sourceTree = "<group>"; };
		C14143A11CB523AE007D15FB /* ColorTools.swift */ = {isa = PBXFileReference; fileEncoding = 4; lastKnownFileType = sourcecode.swift; path = ColorTools.swift; sourceTree = "<group>"; };
		C14143A51CB52A8D007D15FB /* SAProjectCell.swift */ = {isa = PBXFileReference; fileEncoding = 4; lastKnownFileType = sourcecode.swift; path = SAProjectCell.swift; sourceTree = "<group>"; };
		C14143A91CB5389F007D15FB /* SADetailViewController.swift */ = {isa = PBXFileReference; fileEncoding = 4; lastKnownFileType = sourcecode.swift; path = SADetailViewController.swift; sourceTree = "<group>"; };
		C198C6A41CB3580200A64EB0 /* AzRex-Bridging-Header.h */ = {isa = PBXFileReference; lastKnownFileType = sourcecode.c.h; path = "AzRex-Bridging-Header.h"; sourceTree = "<group>"; };
		C198C6AA1CB3703000A64EB0 /* AVFoundation.framework */ = {isa = PBXFileReference; lastKnownFileType = wrapper.framework; name = AVFoundation.framework; path = System/Library/Frameworks/AVFoundation.framework; sourceTree = SDKROOT; };
		C1FFA9491CB4EFC3000D385B /* SDAVAssetExportSession.h */ = {isa = PBXFileReference; fileEncoding = 4; lastKnownFileType = sourcecode.c.h; path = SDAVAssetExportSession.h; sourceTree = "<group>"; };
		C1FFA94A1CB4EFC3000D385B /* SDAVAssetExportSession.m */ = {isa = PBXFileReference; fileEncoding = 4; lastKnownFileType = sourcecode.c.objc; path = SDAVAssetExportSession.m; sourceTree = "<group>"; };
		C1FFA94C1CB4EFC3000D385B /* SAVideoCapture.swift */ = {isa = PBXFileReference; fileEncoding = 4; lastKnownFileType = sourcecode.swift; path = SAVideoCapture.swift; sourceTree = "<group>"; };
		C1FFA9501CB4EFC9000D385B /* SAHomeViewController.swift */ = {isa = PBXFileReference; fileEncoding = 4; lastKnownFileType = sourcecode.swift; path = SAHomeViewController.swift; sourceTree = "<group>"; };
		C1FFA9561CB503AF000D385B /* SAAVProfile.swift */ = {isa = PBXFileReference; fileEncoding = 4; lastKnownFileType = sourcecode.swift; path = SAAVProfile.swift; sourceTree = "<group>"; };
		C1FFA95E1CB50628000D385B /* UIViewController+Dialog.swift */ = {isa = PBXFileReference; fileEncoding = 4; lastKnownFileType = sourcecode.swift; path = "UIViewController+Dialog.swift"; sourceTree = "<group>"; };
/* End PBXFileReference section */

/* Begin PBXFrameworksBuildPhase section */
		C13CE18A1CB28E060044A85E /* Frameworks */ = {
			isa = PBXFrameworksBuildPhase;
			buildActionMask = 2147483647;
			files = (
				C198C6AB1CB3703000A64EB0 /* AVFoundation.framework in Frameworks */,
				09F5B7FA45DA893837923358 /* Pods_AzRex.framework in Frameworks */,
			);
			runOnlyForDeploymentPostprocessing = 0;
		};
		C13CE19E1CB28E070044A85E /* Frameworks */ = {
			isa = PBXFrameworksBuildPhase;
			buildActionMask = 2147483647;
			files = (
			);
			runOnlyForDeploymentPostprocessing = 0;
		};
		C13CE1A91CB28E070044A85E /* Frameworks */ = {
			isa = PBXFrameworksBuildPhase;
			buildActionMask = 2147483647;
			files = (
			);
			runOnlyForDeploymentPostprocessing = 0;
		};
/* End PBXFrameworksBuildPhase section */

/* Begin PBXGroup section */
		B517D4B3B491763E148DBF2B /* Frameworks */ = {
			isa = PBXGroup;
			children = (
				C198C6AA1CB3703000A64EB0 /* AVFoundation.framework */,
				AC0A8DAA6FACE9BBD2286F5A /* Pods_AzRex.framework */,
			);
			name = Frameworks;
			sourceTree = "<group>";
		};
		C13CE1841CB28E060044A85E = {
			isa = PBXGroup;
			children = (
				C13CE18F1CB28E070044A85E /* AzRex */,
				C13CE1A41CB28E070044A85E /* AzRexTests */,
				C13CE1AF1CB28E070044A85E /* AzRexUITests */,
				C13CE18E1CB28E060044A85E /* Products */,
				E3DEA54E0A426284240550A7 /* Pods */,
				B517D4B3B491763E148DBF2B /* Frameworks */,
			);
			sourceTree = "<group>";
		};
		C13CE18E1CB28E060044A85E /* Products */ = {
			isa = PBXGroup;
			children = (
				C13CE18D1CB28E060044A85E /* AzRex.app */,
				C13CE1A11CB28E070044A85E /* AzRexTests.xctest */,
				C13CE1AC1CB28E070044A85E /* AzRexUITests.xctest */,
			);
			name = Products;
			sourceTree = "<group>";
		};
		C13CE18F1CB28E070044A85E /* AzRex */ = {
			isa = PBXGroup;
			children = (
				C1FFA9471CB4EFC3000D385B /* Common */,
				C14143A41CB52A77007D15FB /* Views */,
				C1FFA94F1CB4EFC9000D385B /* ViewControllers */,
				C13CE1901CB28E070044A85E /* AppDelegate.swift */,
				C13CE1941CB28E070044A85E /* Main.storyboard */,
				C13CE1991CB28E070044A85E /* LaunchScreen.storyboard */,
				C13CE1971CB28E070044A85E /* Assets.xcassets */,
				C13CE19C1CB28E070044A85E /* Info.plist */,
				C198C6A41CB3580200A64EB0 /* AzRex-Bridging-Header.h */,
			);
			path = AzRex;
			sourceTree = "<group>";
		};
		C13CE1A41CB28E070044A85E /* AzRexTests */ = {
			isa = PBXGroup;
			children = (
				C13CE1A51CB28E070044A85E /* AzRexTests.swift */,
				C13CE1A71CB28E070044A85E /* Info.plist */,
			);
			path = AzRexTests;
			sourceTree = "<group>";
		};
		C13CE1AF1CB28E070044A85E /* AzRexUITests */ = {
			isa = PBXGroup;
			children = (
				C13CE1B01CB28E070044A85E /* AzRexUITests.swift */,
				C13CE1B21CB28E070044A85E /* Info.plist */,
			);
			path = AzRexUITests;
			sourceTree = "<group>";
		};
		C14143A41CB52A77007D15FB /* Views */ = {
			isa = PBXGroup;
			children = (
				C14143A51CB52A8D007D15FB /* SAProjectCell.swift */,
			);
			path = Views;
			sourceTree = "<group>";
		};
		C1FFA9471CB4EFC3000D385B /* Common */ = {
			isa = PBXGroup;
			children = (
				C1FFA95D1CB50628000D385B /* Extensions */,
				C1FFA9481CB4EFC3000D385B /* AVAsset */,
				C1FFA94B1CB4EFC3000D385B /* Utilities */,
			);
			path = Common;
			sourceTree = "<group>";
		};
		C1FFA9481CB4EFC3000D385B /* AVAsset */ = {
			isa = PBXGroup;
			children = (
				C1FFA9491CB4EFC3000D385B /* SDAVAssetExportSession.h */,
				C1FFA94A1CB4EFC3000D385B /* SDAVAssetExportSession.m */,
			);
			path = AVAsset;
			sourceTree = "<group>";
		};
		C1FFA94B1CB4EFC3000D385B /* Utilities */ = {
			isa = PBXGroup;
			children = (
				C1FFA9561CB503AF000D385B /* SAAVProfile.swift */,
				C1FFA94C1CB4EFC3000D385B /* SAVideoCapture.swift */,
				C14143A11CB523AE007D15FB /* ColorTools.swift */,
			);
			path = Utilities;
			sourceTree = "<group>";
		};
		C1FFA94F1CB4EFC9000D385B /* ViewControllers */ = {
			isa = PBXGroup;
			children = (
				C1FFA9501CB4EFC9000D385B /* SAHomeViewController.swift */,
				C14143A91CB5389F007D15FB /* SADetailViewController.swift */,
			);
			path = ViewControllers;
			sourceTree = "<group>";
		};
		C1FFA95D1CB50628000D385B /* Extensions */ = {
			isa = PBXGroup;
			children = (
				C1FFA95E1CB50628000D385B /* UIViewController+Dialog.swift */,
			);
			path = Extensions;
			sourceTree = "<group>";
		};
		E3DEA54E0A426284240550A7 /* Pods */ = {
			isa = PBXGroup;
			children = (
				3AF6A7AD9A9AAAFA43D0F2AC /* Pods-AzRex.debug.xcconfig */,
				1F5B3C7638159BBF7A905588 /* Pods-AzRex.release.xcconfig */,
			);
			name = Pods;
			sourceTree = "<group>";
		};
/* End PBXGroup section */

/* Begin PBXNativeTarget section */
		C13CE18C1CB28E060044A85E /* AzRex */ = {
			isa = PBXNativeTarget;
			buildConfigurationList = C13CE1B51CB28E070044A85E /* Build configuration list for PBXNativeTarget "AzRex" */;
			buildPhases = (
				679FD31C9D7AA9D5F53BD5BF /* Check Pods Manifest.lock */,
				C13CE1891CB28E060044A85E /* Sources */,
				C13CE18A1CB28E060044A85E /* Frameworks */,
				C13CE18B1CB28E060044A85E /* Resources */,
				2A1158C6879D0E1ABF381D5D /* Embed Pods Frameworks */,
				7D6983B91423118E1C4784D5 /* Copy Pods Resources */,
			);
			buildRules = (
			);
			dependencies = (
			);
			name = AzRex;
			productName = AzRex;
			productReference = C13CE18D1CB28E060044A85E /* AzRex.app */;
			productType = "com.apple.product-type.application";
		};
		C13CE1A01CB28E070044A85E /* AzRexTests */ = {
			isa = PBXNativeTarget;
			buildConfigurationList = C13CE1B81CB28E070044A85E /* Build configuration list for PBXNativeTarget "AzRexTests" */;
			buildPhases = (
				C13CE19D1CB28E070044A85E /* Sources */,
				C13CE19E1CB28E070044A85E /* Frameworks */,
				C13CE19F1CB28E070044A85E /* Resources */,
			);
			buildRules = (
			);
			dependencies = (
				C13CE1A31CB28E070044A85E /* PBXTargetDependency */,
			);
			name = AzRexTests;
			productName = AzRexTests;
			productReference = C13CE1A11CB28E070044A85E /* AzRexTests.xctest */;
			productType = "com.apple.product-type.bundle.unit-test";
		};
		C13CE1AB1CB28E070044A85E /* AzRexUITests */ = {
			isa = PBXNativeTarget;
			buildConfigurationList = C13CE1BB1CB28E070044A85E /* Build configuration list for PBXNativeTarget "AzRexUITests" */;
			buildPhases = (
				C13CE1A81CB28E070044A85E /* Sources */,
				C13CE1A91CB28E070044A85E /* Frameworks */,
				C13CE1AA1CB28E070044A85E /* Resources */,
			);
			buildRules = (
			);
			dependencies = (
				C13CE1AE1CB28E070044A85E /* PBXTargetDependency */,
			);
			name = AzRexUITests;
			productName = AzRexUITests;
			productReference = C13CE1AC1CB28E070044A85E /* AzRexUITests.xctest */;
			productType = "com.apple.product-type.bundle.ui-testing";
		};
/* End PBXNativeTarget section */

/* Begin PBXProject section */
		C13CE1851CB28E060044A85E /* Project object */ = {
			isa = PBXProject;
			attributes = {
				LastSwiftUpdateCheck = 0730;
				LastUpgradeCheck = 0730;
				ORGANIZATIONNAME = "Suhendra Ahmad";
				TargetAttributes = {
					C13CE18C1CB28E060044A85E = {
						CreatedOnToolsVersion = 7.3;
						DevelopmentTeam = RC4SK9KMQQ;
					};
					C13CE1A01CB28E070044A85E = {
						CreatedOnToolsVersion = 7.3;
						TestTargetID = C13CE18C1CB28E060044A85E;
					};
					C13CE1AB1CB28E070044A85E = {
						CreatedOnToolsVersion = 7.3;
						TestTargetID = C13CE18C1CB28E060044A85E;
					};
				};
			};
			buildConfigurationList = C13CE1881CB28E060044A85E /* Build configuration list for PBXProject "AzRex" */;
			compatibilityVersion = "Xcode 3.2";
			developmentRegion = English;
			hasScannedForEncodings = 0;
			knownRegions = (
				en,
				Base,
			);
			mainGroup = C13CE1841CB28E060044A85E;
			productRefGroup = C13CE18E1CB28E060044A85E /* Products */;
			projectDirPath = "";
			projectRoot = "";
			targets = (
				C13CE18C1CB28E060044A85E /* AzRex */,
				C13CE1A01CB28E070044A85E /* AzRexTests */,
				C13CE1AB1CB28E070044A85E /* AzRexUITests */,
			);
		};
/* End PBXProject section */

/* Begin PBXResourcesBuildPhase section */
		C13CE18B1CB28E060044A85E /* Resources */ = {
			isa = PBXResourcesBuildPhase;
			buildActionMask = 2147483647;
			files = (
				C13CE19B1CB28E070044A85E /* LaunchScreen.storyboard in Resources */,
				C13CE1981CB28E070044A85E /* Assets.xcassets in Resources */,
				C13CE1961CB28E070044A85E /* Main.storyboard in Resources */,
			);
			runOnlyForDeploymentPostprocessing = 0;
		};
		C13CE19F1CB28E070044A85E /* Resources */ = {
			isa = PBXResourcesBuildPhase;
			buildActionMask = 2147483647;
			files = (
			);
			runOnlyForDeploymentPostprocessing = 0;
		};
		C13CE1AA1CB28E070044A85E /* Resources */ = {
			isa = PBXResourcesBuildPhase;
			buildActionMask = 2147483647;
			files = (
			);
			runOnlyForDeploymentPostprocessing = 0;
		};
/* End PBXResourcesBuildPhase section */

/* Begin PBXShellScriptBuildPhase section */
		2A1158C6879D0E1ABF381D5D /* Embed Pods Frameworks */ = {
			isa = PBXShellScriptBuildPhase;
			buildActionMask = 2147483647;
			files = (
			);
			inputPaths = (
			);
			name = "Embed Pods Frameworks";
			outputPaths = (
			);
			runOnlyForDeploymentPostprocessing = 0;
			shellPath = /bin/sh;
			shellScript = "\"${SRCROOT}/Pods/Target Support Files/Pods-AzRex/Pods-AzRex-frameworks.sh\"\n";
			showEnvVarsInLog = 0;
		};
		679FD31C9D7AA9D5F53BD5BF /* Check Pods Manifest.lock */ = {
			isa = PBXShellScriptBuildPhase;
			buildActionMask = 2147483647;
			files = (
			);
			inputPaths = (
			);
			name = "Check Pods Manifest.lock";
			outputPaths = (
			);
			runOnlyForDeploymentPostprocessing = 0;
			shellPath = /bin/sh;
			shellScript = "diff \"${PODS_ROOT}/../Podfile.lock\" \"${PODS_ROOT}/Manifest.lock\" > /dev/null\nif [[ $? != 0 ]] ; then\n    cat << EOM\nerror: The sandbox is not in sync with the Podfile.lock. Run 'pod install' or update your CocoaPods installation.\nEOM\n    exit 1\nfi\n";
			showEnvVarsInLog = 0;
		};
		7D6983B91423118E1C4784D5 /* Copy Pods Resources */ = {
			isa = PBXShellScriptBuildPhase;
			buildActionMask = 2147483647;
			files = (
			);
			inputPaths = (
			);
			name = "Copy Pods Resources";
			outputPaths = (
			);
			runOnlyForDeploymentPostprocessing = 0;
			shellPath = /bin/sh;
			shellScript = "\"${SRCROOT}/Pods/Target Support Files/Pods-AzRex/Pods-AzRex-resources.sh\"\n";
			showEnvVarsInLog = 0;
		};
/* End PBXShellScriptBuildPhase section */

/* Begin PBXSourcesBuildPhase section */
		C13CE1891CB28E060044A85E /* Sources */ = {
			isa = PBXSourcesBuildPhase;
			buildActionMask = 2147483647;
			files = (
				C1FFA95F1CB50628000D385B /* UIViewController+Dialog.swift in Sources */,
				C14143A61CB52A8D007D15FB /* SAProjectCell.swift in Sources */,
				C1FFA94D1CB4EFC3000D385B /* SDAVAssetExportSession.m in Sources */,
				C14143A21CB523AE007D15FB /* ColorTools.swift in Sources */,
				C14143AA1CB5389F007D15FB /* SADetailViewController.swift in Sources */,
				C1FFA9511CB4EFC9000D385B /* SAHomeViewController.swift in Sources */,
				C13CE1911CB28E070044A85E /* AppDelegate.swift in Sources */,
				C1FFA9571CB503AF000D385B /* SAAVProfile.swift in Sources */,
				C1FFA94E1CB4EFC3000D385B /* SAVideoCapture.swift in Sources */,
			);
			runOnlyForDeploymentPostprocessing = 0;
		};
		C13CE19D1CB28E070044A85E /* Sources */ = {
			isa = PBXSourcesBuildPhase;
			buildActionMask = 2147483647;
			files = (
				C13CE1A61CB28E070044A85E /* AzRexTests.swift in Sources */,
			);
			runOnlyForDeploymentPostprocessing = 0;
		};
		C13CE1A81CB28E070044A85E /* Sources */ = {
			isa = PBXSourcesBuildPhase;
			buildActionMask = 2147483647;
			files = (
				C13CE1B11CB28E070044A85E /* AzRexUITests.swift in Sources */,
			);
			runOnlyForDeploymentPostprocessing = 0;
		};
/* End PBXSourcesBuildPhase section */

/* Begin PBXTargetDependency section */
		C13CE1A31CB28E070044A85E /* PBXTargetDependency */ = {
			isa = PBXTargetDependency;
			target = C13CE18C1CB28E060044A85E /* AzRex */;
			targetProxy = C13CE1A21CB28E070044A85E /* PBXContainerItemProxy */;
		};
		C13CE1AE1CB28E070044A85E /* PBXTargetDependency */ = {
			isa = PBXTargetDependency;
			target = C13CE18C1CB28E060044A85E /* AzRex */;
			targetProxy = C13CE1AD1CB28E070044A85E /* PBXContainerItemProxy */;
		};
/* End PBXTargetDependency section */

/* Begin PBXVariantGroup section */
		C13CE1941CB28E070044A85E /* Main.storyboard */ = {
			isa = PBXVariantGroup;
			children = (
				C13CE1951CB28E070044A85E /* Base */,
			);
			name = Main.storyboard;
			sourceTree = "<group>";
		};
		C13CE1991CB28E070044A85E /* LaunchScreen.storyboard */ = {
			isa = PBXVariantGroup;
			children = (
				C13CE19A1CB28E070044A85E /* Base */,
			);
			name = LaunchScreen.storyboard;
			sourceTree = "<group>";
		};
/* End PBXVariantGroup section */

/* Begin XCBuildConfiguration section */
		C13CE1B31CB28E070044A85E /* Debug */ = {
			isa = XCBuildConfiguration;
			buildSettings = {
				ALWAYS_SEARCH_USER_PATHS = NO;
				CLANG_ANALYZER_NONNULL = YES;
				CLANG_CXX_LANGUAGE_STANDARD = "gnu++0x";
				CLANG_CXX_LIBRARY = "libc++";
				CLANG_ENABLE_MODULES = YES;
				CLANG_ENABLE_OBJC_ARC = YES;
				CLANG_WARN_BOOL_CONVERSION = YES;
				CLANG_WARN_CONSTANT_CONVERSION = YES;
				CLANG_WARN_DIRECT_OBJC_ISA_USAGE = YES_ERROR;
				CLANG_WARN_EMPTY_BODY = YES;
				CLANG_WARN_ENUM_CONVERSION = YES;
				CLANG_WARN_INT_CONVERSION = YES;
				CLANG_WARN_OBJC_ROOT_CLASS = YES_ERROR;
				CLANG_WARN_UNREACHABLE_CODE = YES;
				CLANG_WARN__DUPLICATE_METHOD_MATCH = YES;
				"CODE_SIGN_IDENTITY[sdk=iphoneos*]" = "iPhone Developer";
				COPY_PHASE_STRIP = NO;
				DEBUG_INFORMATION_FORMAT = dwarf;
				ENABLE_STRICT_OBJC_MSGSEND = YES;
				ENABLE_TESTABILITY = YES;
				GCC_C_LANGUAGE_STANDARD = gnu99;
				GCC_DYNAMIC_NO_PIC = NO;
				GCC_NO_COMMON_BLOCKS = YES;
				GCC_OPTIMIZATION_LEVEL = 0;
				GCC_PREPROCESSOR_DEFINITIONS = (
					"DEBUG=1",
					"$(inherited)",
				);
				GCC_WARN_64_TO_32_BIT_CONVERSION = YES;
				GCC_WARN_ABOUT_RETURN_TYPE = YES_ERROR;
				GCC_WARN_UNDECLARED_SELECTOR = YES;
				GCC_WARN_UNINITIALIZED_AUTOS = YES_AGGRESSIVE;
				GCC_WARN_UNUSED_FUNCTION = YES;
				GCC_WARN_UNUSED_VARIABLE = YES;
				IPHONEOS_DEPLOYMENT_TARGET = 9.3;
				MTL_ENABLE_DEBUG_INFO = YES;
				ONLY_ACTIVE_ARCH = YES;
				SDKROOT = iphoneos;
				SWIFT_OPTIMIZATION_LEVEL = "-Onone";
				TARGETED_DEVICE_FAMILY = "1,2";
			};
			name = Debug;
		};
		C13CE1B41CB28E070044A85E /* Release */ = {
			isa = XCBuildConfiguration;
			buildSettings = {
				ALWAYS_SEARCH_USER_PATHS = NO;
				CLANG_ANALYZER_NONNULL = YES;
				CLANG_CXX_LANGUAGE_STANDARD = "gnu++0x";
				CLANG_CXX_LIBRARY = "libc++";
				CLANG_ENABLE_MODULES = YES;
				CLANG_ENABLE_OBJC_ARC = YES;
				CLANG_WARN_BOOL_CONVERSION = YES;
				CLANG_WARN_CONSTANT_CONVERSION = YES;
				CLANG_WARN_DIRECT_OBJC_ISA_USAGE = YES_ERROR;
				CLANG_WARN_EMPTY_BODY = YES;
				CLANG_WARN_ENUM_CONVERSION = YES;
				CLANG_WARN_INT_CONVERSION = YES;
				CLANG_WARN_OBJC_ROOT_CLASS = YES_ERROR;
				CLANG_WARN_UNREACHABLE_CODE = YES;
				CLANG_WARN__DUPLICATE_METHOD_MATCH = YES;
				"CODE_SIGN_IDENTITY[sdk=iphoneos*]" = "iPhone Developer";
				COPY_PHASE_STRIP = NO;
				DEBUG_INFORMATION_FORMAT = "dwarf-with-dsym";
				ENABLE_NS_ASSERTIONS = NO;
				ENABLE_STRICT_OBJC_MSGSEND = YES;
				GCC_C_LANGUAGE_STANDARD = gnu99;
				GCC_NO_COMMON_BLOCKS = YES;
				GCC_WARN_64_TO_32_BIT_CONVERSION = YES;
				GCC_WARN_ABOUT_RETURN_TYPE = YES_ERROR;
				GCC_WARN_UNDECLARED_SELECTOR = YES;
				GCC_WARN_UNINITIALIZED_AUTOS = YES_AGGRESSIVE;
				GCC_WARN_UNUSED_FUNCTION = YES;
				GCC_WARN_UNUSED_VARIABLE = YES;
				IPHONEOS_DEPLOYMENT_TARGET = 9.3;
				MTL_ENABLE_DEBUG_INFO = NO;
				SDKROOT = iphoneos;
				TARGETED_DEVICE_FAMILY = "1,2";
				VALIDATE_PRODUCT = YES;
			};
			name = Release;
		};
		C13CE1B61CB28E070044A85E /* Debug */ = {
			isa = XCBuildConfiguration;
			baseConfigurationReference = 3AF6A7AD9A9AAAFA43D0F2AC /* Pods-AzRex.debug.xcconfig */;
			buildSettings = {
				ASSETCATALOG_COMPILER_APPICON_NAME = AppIcon;
				CLANG_ENABLE_MODULES = YES;
				CODE_SIGN_IDENTITY = "iPhone Developer";
				"CODE_SIGN_IDENTITY[sdk=iphoneos*]" = "iPhone Developer";
				INFOPLIST_FILE = AzRex/Info.plist;
				IPHONEOS_DEPLOYMENT_TARGET = 8.0;
				LD_RUNPATH_SEARCH_PATHS = "$(inherited) @executable_path/Frameworks";
				PRODUCT_BUNDLE_IDENTIFIER = com.mcoin.AzRex;
				PRODUCT_NAME = "$(TARGET_NAME)";
				PROVISIONING_PROFILE = "";
				SWIFT_OBJC_BRIDGING_HEADER = "AzRex/AzRex-Bridging-Header.h";
				SWIFT_OPTIMIZATION_LEVEL = "-Onone";
				TARGETED_DEVICE_FAMILY = "1,2";
			};
			name = Debug;
		};
		C13CE1B71CB28E070044A85E /* Release */ = {
			isa = XCBuildConfiguration;
			baseConfigurationReference = 1F5B3C7638159BBF7A905588 /* Pods-AzRex.release.xcconfig */;
			buildSettings = {
				ASSETCATALOG_COMPILER_APPICON_NAME = AppIcon;
				CLANG_ENABLE_MODULES = YES;
				CODE_SIGN_IDENTITY = "iPhone Developer";
				"CODE_SIGN_IDENTITY[sdk=iphoneos*]" = "iPhone Developer";
				INFOPLIST_FILE = AzRex/Info.plist;
				IPHONEOS_DEPLOYMENT_TARGET = 8.0;
				LD_RUNPATH_SEARCH_PATHS = "$(inherited) @executable_path/Frameworks";
				PRODUCT_BUNDLE_IDENTIFIER = com.mcoin.AzRex;
				PRODUCT_NAME = "$(TARGET_NAME)";
				PROVISIONING_PROFILE = "";
				SWIFT_OBJC_BRIDGING_HEADER = "AzRex/AzRex-Bridging-Header.h";
				TARGETED_DEVICE_FAMILY = "1,2";
			};
			name = Release;
		};
		C13CE1B91CB28E070044A85E /* Debug */ = {
			isa = XCBuildConfiguration;
			buildSettings = {
				BUNDLE_LOADER = "$(TEST_HOST)";
				INFOPLIST_FILE = AzRexTests/Info.plist;
				LD_RUNPATH_SEARCH_PATHS = "$(inherited) @executable_path/Frameworks @loader_path/Frameworks";
				PRODUCT_BUNDLE_IDENTIFIER = com.azacode.AzRexTests;
				PRODUCT_NAME = "$(TARGET_NAME)";
				TEST_HOST = "$(BUILT_PRODUCTS_DIR)/AzRex.app/AzRex";
			};
			name = Debug;
		};
		C13CE1BA1CB28E070044A85E /* Release */ = {
			isa = XCBuildConfiguration;
			buildSettings = {
				BUNDLE_LOADER = "$(TEST_HOST)";
				INFOPLIST_FILE = AzRexTests/Info.plist;
				LD_RUNPATH_SEARCH_PATHS = "$(inherited) @executable_path/Frameworks @loader_path/Frameworks";
				PRODUCT_BUNDLE_IDENTIFIER = com.azacode.AzRexTests;
				PRODUCT_NAME = "$(TARGET_NAME)";
				TEST_HOST = "$(BUILT_PRODUCTS_DIR)/AzRex.app/AzRex";
			};
			name = Release;
		};
		C13CE1BC1CB28E070044A85E /* Debug */ = {
			isa = XCBuildConfiguration;
			buildSettings = {
				INFOPLIST_FILE = AzRexUITests/Info.plist;
				LD_RUNPATH_SEARCH_PATHS = "$(inherited) @executable_path/Frameworks @loader_path/Frameworks";
				PRODUCT_BUNDLE_IDENTIFIER = com.azacode.AzRexUITests;
				PRODUCT_NAME = "$(TARGET_NAME)";
				TEST_TARGET_NAME = AzRex;
			};
			name = Debug;
		};
		C13CE1BD1CB28E070044A85E /* Release */ = {
			isa = XCBuildConfiguration;
			buildSettings = {
				INFOPLIST_FILE = AzRexUITests/Info.plist;
				LD_RUNPATH_SEARCH_PATHS = "$(inherited) @executable_path/Frameworks @loader_path/Frameworks";
				PRODUCT_BUNDLE_IDENTIFIER = com.azacode.AzRexUITests;
				PRODUCT_NAME = "$(TARGET_NAME)";
				TEST_TARGET_NAME = AzRex;
			};
			name = Release;
		};
/* End XCBuildConfiguration section */

/* Begin XCConfigurationList section */
		C13CE1881CB28E060044A85E /* Build configuration list for PBXProject "AzRex" */ = {
			isa = XCConfigurationList;
			buildConfigurations = (
				C13CE1B31CB28E070044A85E /* Debug */,
				C13CE1B41CB28E070044A85E /* Release */,
			);
			defaultConfigurationIsVisible = 0;
			defaultConfigurationName = Release;
		};
		C13CE1B51CB28E070044A85E /* Build configuration list for PBXNativeTarget "AzRex" */ = {
			isa = XCConfigurationList;
			buildConfigurations = (
				C13CE1B61CB28E070044A85E /* Debug */,
				C13CE1B71CB28E070044A85E /* Release */,
			);
			defaultConfigurationIsVisible = 0;
			defaultConfigurationName = Release;
		};
		C13CE1B81CB28E070044A85E /* Build configuration list for PBXNativeTarget "AzRexTests" */ = {
			isa = XCConfigurationList;
			buildConfigurations = (
				C13CE1B91CB28E070044A85E /* Debug */,
				C13CE1BA1CB28E070044A85E /* Release */,
			);
			defaultConfigurationIsVisible = 0;
			defaultConfigurationName = Release;
		};
		C13CE1BB1CB28E070044A85E /* Build configuration list for PBXNativeTarget "AzRexUITests" */ = {
			isa = XCConfigurationList;
			buildConfigurations = (
				C13CE1BC1CB28E070044A85E /* Debug */,
				C13CE1BD1CB28E070044A85E /* Release */,
			);
			defaultConfigurationIsVisible = 0;
			defaultConfigurationName = Release;
		};
/* End XCConfigurationList section */
	};
	rootObject = C13CE1851CB28E060044A85E /* Project object */;
}
